
Microsoft Visual Studio Solution File, Format Version 12.00
# Visual Studio 14
VisualStudioVersion = 14.0.25420.1
MinimumVisualStudioVersion = 10.0.40219.1
Project("{FAE04EC0-301F-11D3-BF4B-00C04F79EFBC}") = "ProjectCurve", "ProjectCurve\ProjectCurve.csproj", "{5BD5AF88-E4E8-40EB-9B6B-B189591C44DA}"
EndProject
Global
	GlobalSection(SolutionConfigurationPlatforms) = preSolution
		Debug|Any CPU = Debug|Any CPU
		Release|Any CPU = Release|Any CPU
	EndGlobalSection
	GlobalSection(ProjectConfigurationPlatforms) = postSolution
		{5BD5AF88-E4E8-40EB-9B6B-B189591C44DA}.Debug|Any CPU.ActiveCfg = Debug|Any CPU
		{5BD5AF88-E4E8-40EB-9B6B-B189591C44DA}.Debug|Any CPU.Build.0 = Debug|Any CPU
		{5BD5AF88-E4E8-40EB-9B6B-B189591C44DA}.Release|Any CPU.ActiveCfg = Release|Any CPU
		{5BD5AF88-E4E8-40EB-9B6B-B189591C44DA}.Release|Any CPU.Build.0 = Release|Any CPU
	EndGlobalSection
	GlobalSection(SolutionProperties) = preSolution
		HideSolutionNode = FALSE
	EndGlobalSection
EndGlobal
